PODS:
  - Cartography (3.0.1)
  - Firebase (4.9.0):
    - Firebase/Core (= 4.9.0)
  - Firebase/Auth (4.9.0):
    - Firebase/Core
    - FirebaseAuth (= 4.4.3)
  - Firebase/Core (4.9.0):
    - FirebaseAnalytics (= 4.0.9)
    - FirebaseCore (= 4.0.15)
  - Firebase/Database (4.9.0):
    - Firebase/Core
    - FirebaseDatabase (= 4.1.4)
  - FirebaseAnalytics (4.0.9):
    - FirebaseCore (~> 4.0)
    - FirebaseInstanceID (~> 2.0)
    - GoogleToolboxForMac/NSData+zlib (~> 2.1)
    - nanopb (~> 0.3)
  - FirebaseAuth (4.4.3):
    - FirebaseAnalytics (~> 4.0)
    - GoogleToolboxForMac/NSDictionary+URLArguments (~> 2.1)
    - GTMSessionFetcher/Core (~> 1.1)
  - FirebaseCore (4.0.15):
    - GoogleToolboxForMac/NSData+zlib (~> 2.1)
  - FirebaseDatabase (4.1.4):
    - FirebaseAnalytics (~> 4.0)
    - FirebaseCore (~> 4.0)
    - leveldb-library (~> 1.18)
  - FirebaseInstanceID (2.0.9):
    - FirebaseCore (~> 4.0)
  - GoogleToolboxForMac/DebugUtils (2.1.3):
    - GoogleToolboxForMac/Defines (= 2.1.3)
  - GoogleToolboxForMac/Defines (2.1.3)
  - GoogleToolboxForMac/NSData+zlib (2.1.3):
    - GoogleToolboxForMac/Defines (= 2.1.3)
  - GoogleToolboxForMac/NSDictionary+URLArguments (2.1.3):
    - GoogleToolboxForMac/DebugUtils (= 2.1.3)
    - GoogleToolboxForMac/Defines (= 2.1.3)
    - GoogleToolboxForMac/NSString+URLArguments (= 2.1.3)
  - GoogleToolboxForMac/NSString+URLArguments (2.1.3)
  - GTMSessionFetcher/Core (1.1.14)
  - leveldb-library (1.20)
  - MGSwipeTableCell (1.6.6)
  - nanopb (0.3.8):
    - nanopb/decode (= 0.3.8)
    - nanopb/encode (= 0.3.8)
  - nanopb/decode (0.3.8)
  - nanopb/encode (0.3.8)
  - Segmentio (3.0)
  - SideMenu (3.1.5)
  - SkyFloatingLabelTextField (3.4.0)
  - SlideController (1.3.1)
  - XLPagerTabStrip (8.0.0)

DEPENDENCIES:
  - Cartography
  - Firebase
  - Firebase/Auth
  - Firebase/Core
  - Firebase/Database
  - MGSwipeTableCell
  - Segmentio (~> 3.0)
  - SideMenu
  - SkyFloatingLabelTextField (~> 3.0)
  - SlideController
  - XLPagerTabStrip (~> 8.0)

SPEC CHECKSUMS:
  Cartography: f8c899bb0f5cf20758644a8eea59a75e98a03a5d
  Firebase: 632216af3ed7f31e3be34776947fdc7546cfb572
  FirebaseAnalytics: 388b630c15713f5dbf364071f5f3d6077fb52f4e
  FirebaseAuth: aaaf68d5064a6c8fec435758f83a43b8db26ccaa
  FirebaseCore: 3bd047463058fa6b5d312c97502c52e45401cdfb
  FirebaseDatabase: de4446507ccd3257fca37d16f40e1540324571fd
  FirebaseInstanceID: d2058a35e9bebda1b6dd42486b84917bde552a9d
  GoogleToolboxForMac: 2501e2ad72a52eb3dfe7bd9aee7dad11b858bd20
  GTMSessionFetcher: 390ea358e5a0d0133153806f744662dad933d06b
  leveldb-library: 08cba283675b7ed2d99629a4bc5fd052cd2bb6a5
  MGSwipeTableCell: c3bc6e261e7bc06c112909fe3fb8205de286082c
  nanopb: 5601e6bca2dbf1ed831b519092ec110f66982ca3
  Segmentio: 1607fba3b42230f5f91e997d1a3f337f1176674c
  SideMenu: 47dbf9e4d878062d8994aed43f6e4bf6c1fea30b
  SkyFloatingLabelTextField: 703aa1420b697392b1e7dba25571180dde018477
  SlideController: 05ba6014c5d9cbb88f9aa33cac17bb62d149a862
  XLPagerTabStrip: d1ab378af0923320ec0b5eab11d7b2f803d31261

PODFILE CHECKSUM: 38f1559116ebf76ea94f0cef2b6d5a068ce5ae19

COCOAPODS: 1.4.0
